
Microsoft Visual Studio Solution File, Format Version 12.00
# Visual Studio Version 17
VisualStudioVersion = 17.9.34728.123
MinimumVisualStudioVersion = 10.0.40219.1
Project("{FAE04EC0-301F-11D3-BF4B-00C04F79EFBC}") = "OutlookFormFinder", "OutlookFormFinder\OutlookFormFinder.csproj", "{5240AAFF-EC4D-4997-9D3E-C983E17588EC}"
EndProject
Global
	GlobalSection(SolutionConfigurationPlatforms) = preSolution
		Debug|Any CPU = Debug|Any CPU
		Release|Any CPU = Release|Any CPU
	EndGlobalSection
	GlobalSection(ProjectConfigurationPlatforms) = postSolution
		{5240AAFF-EC4D-4997-9D3E-C983E17588EC}.Debug|Any CPU.ActiveCfg = Debug|Any CPU
		{5240AAFF-EC4D-4997-9D3E-C983E17588EC}.Debug|Any CPU.Build.0 = Debug|Any CPU
		{5240AAFF-EC4D-4997-9D3E-C983E17588EC}.Release|Any CPU.ActiveCfg = Release|Any CPU
		{5240AAFF-EC4D-4997-9D3E-C983E17588EC}.Release|Any CPU.Build.0 = Release|Any CPU
	EndGlobalSection
	GlobalSection(SolutionProperties) = preSolution
		HideSolutionNode = FALSE
	EndGlobalSection
	GlobalSection(ExtensibilityGlobals) = postSolution
		SolutionGuid = {AEA85646-2802-40A9-B391-968F0D7CB16F}
	EndGlobalSection
EndGlobal
